
Microsoft Visual Studio Solution File, Format Version 12.00
# Visual Studio Version 17
VisualStudioVersion = 17.3.32922.545
MinimumVisualStudioVersion = 10.0.40219.1
Project("{2150E333-8FDC-42A3-9474-1A3956D46DE8}") = "1. Applications", "1. Applications", "{0849A895-FDE8-4813-BA18-23B3FC78B02E}"
EndProject
Project("{2150E333-8FDC-42A3-9474-1A3956D46DE8}") = "2. Functions", "2. Functions", "{8B31B02A-0948-4373-88E4-9B3BC7020815}"
EndProject
Project("{2150E333-8FDC-42A3-9474-1A3956D46DE8}") = "3. Libraries", "3. Libraries", "{B75488FC-17CD-4BDC-A3E9-FF704753FDB1}"
EndProject
Project("{2150E333-8FDC-42A3-9474-1A3956D46DE8}") = "4. Testing", "4. Testing", "{70F4CEFB-34C6-4399-8A8D-BFE21D60C5EA}"
EndProject
Project("{FAE04EC0-301F-11D3-BF4B-00C04F79EFBC}") = "Boilerplate.Applications.TodoBlazor", "Boilerplate.Applications.TodoBlazor\Boilerplate.Applications.TodoBlazor.csproj", "{1E0B0DEE-8BA5-46CC-A445-16A7E9DEEA09}"
EndProject
Project("{FAE04EC0-301F-11D3-BF4B-00C04F79EFBC}") = "Boilerplate.Functions.Cleaner", "Boilerplate.Functions.Cleaner\Boilerplate.Functions.Cleaner.csproj", "{2D9843AE-5782-4D6A-8B1C-838223F552C7}"
EndProject
Project("{FAE04EC0-301F-11D3-BF4B-00C04F79EFBC}") = "Boilerplate.Libraries.Data", "Boilerplate.Libraries.Data\Boilerplate.Libraries.Data.csproj", "{868CEDC2-8FBE-428C-8B3E-362383B32545}"
EndProject
Project("{FAE04EC0-301F-11D3-BF4B-00C04F79EFBC}") = "Boilerplate.Libraries.Services", "Boilerplate.Libraries.Services\Boilerplate.Libraries.Services.csproj", "{3E686CBC-0927-4833-B719-2E78456BFD67}"
EndProject
Project("{FAE04EC0-301F-11D3-BF4B-00C04F79EFBC}") = "Boilerplate.Libraries.Repositories", "Boilerplate.Libraries.Repositories\Boilerplate.Libraries.Repositories.csproj", "{A51062D8-77A8-4029-8CA4-9D0495383E71}"
EndProject
Project("{E53339B2-1760-4266-BCC7-CA923CBCF16C}") = "docker-compose", "docker-compose.dcproj", "{ACDF0BC0-A137-4167-BB88-98BFC5BAE36B}"
EndProject
Project("{FAE04EC0-301F-11D3-BF4B-00C04F79EFBC}") = "Boilerplate.Functions.Migrations", "Boilerplate.Functions.Migrations\Boilerplate.Functions.Migrations.csproj", "{C480E77B-3A4B-47A6-BC5C-50A387378F36}"
EndProject
Global
	GlobalSection(SolutionConfigurationPlatforms) = preSolution
		Debug|Any CPU = Debug|Any CPU
		Release|Any CPU = Release|Any CPU
	EndGlobalSection
	GlobalSection(ProjectConfigurationPlatforms) = postSolution
		{1E0B0DEE-8BA5-46CC-A445-16A7E9DEEA09}.Debug|Any CPU.ActiveCfg = Debug|Any CPU
		{1E0B0DEE-8BA5-46CC-A445-16A7E9DEEA09}.Debug|Any CPU.Build.0 = Debug|Any CPU
		{1E0B0DEE-8BA5-46CC-A445-16A7E9DEEA09}.Release|Any CPU.ActiveCfg = Release|Any CPU
		{1E0B0DEE-8BA5-46CC-A445-16A7E9DEEA09}.Release|Any CPU.Build.0 = Release|Any CPU
		{2D9843AE-5782-4D6A-8B1C-838223F552C7}.Debug|Any CPU.ActiveCfg = Debug|Any CPU
		{2D9843AE-5782-4D6A-8B1C-838223F552C7}.Debug|Any CPU.Build.0 = Debug|Any CPU
		{2D9843AE-5782-4D6A-8B1C-838223F552C7}.Release|Any CPU.ActiveCfg = Release|Any CPU
		{2D9843AE-5782-4D6A-8B1C-838223F552C7}.Release|Any CPU.Build.0 = Release|Any CPU
		{868CEDC2-8FBE-428C-8B3E-362383B32545}.Debug|Any CPU.ActiveCfg = Debug|Any CPU
		{868CEDC2-8FBE-428C-8B3E-362383B32545}.Debug|Any CPU.Build.0 = Debug|Any CPU
		{868CEDC2-8FBE-428C-8B3E-362383B32545}.Release|Any CPU.ActiveCfg = Release|Any CPU
		{868CEDC2-8FBE-428C-8B3E-362383B32545}.Release|Any CPU.Build.0 = Release|Any CPU
		{3E686CBC-0927-4833-B719-2E78456BFD67}.Debug|Any CPU.ActiveCfg = Debug|Any CPU
		{3E686CBC-0927-4833-B719-2E78456BFD67}.Debug|Any CPU.Build.0 = Debug|Any CPU
		{3E686CBC-0927-4833-B719-2E78456BFD67}.Release|Any CPU.ActiveCfg = Release|Any CPU
		{3E686CBC-0927-4833-B719-2E78456BFD67}.Release|Any CPU.Build.0 = Release|Any CPU
		{A51062D8-77A8-4029-8CA4-9D0495383E71}.Debug|Any CPU.ActiveCfg = Debug|Any CPU
		{A51062D8-77A8-4029-8CA4-9D0495383E71}.Debug|Any CPU.Build.0 = Debug|Any CPU
		{A51062D8-77A8-4029-8CA4-9D0495383E71}.Release|Any CPU.ActiveCfg = Release|Any CPU
		{A51062D8-77A8-4029-8CA4-9D0495383E71}.Release|Any CPU.Build.0 = Release|Any CPU
		{ACDF0BC0-A137-4167-BB88-98BFC5BAE36B}.Debug|Any CPU.ActiveCfg = Debug|Any CPU
		{ACDF0BC0-A137-4167-BB88-98BFC5BAE36B}.Debug|Any CPU.Build.0 = Debug|Any CPU
		{ACDF0BC0-A137-4167-BB88-98BFC5BAE36B}.Release|Any CPU.ActiveCfg = Release|Any CPU
		{ACDF0BC0-A137-4167-BB88-98BFC5BAE36B}.Release|Any CPU.Build.0 = Release|Any CPU
		{C480E77B-3A4B-47A6-BC5C-50A387378F36}.Debug|Any CPU.ActiveCfg = Debug|Any CPU
		{C480E77B-3A4B-47A6-BC5C-50A387378F36}.Debug|Any CPU.Build.0 = Debug|Any CPU
		{C480E77B-3A4B-47A6-BC5C-50A387378F36}.Release|Any CPU.ActiveCfg = Release|Any CPU
		{C480E77B-3A4B-47A6-BC5C-50A387378F36}.Release|Any CPU.Build.0 = Release|Any CPU
	EndGlobalSection
	GlobalSection(SolutionProperties) = preSolution
		HideSolutionNode = FALSE
	EndGlobalSection
	GlobalSection(NestedProjects) = preSolution
		{1E0B0DEE-8BA5-46CC-A445-16A7E9DEEA09} = {0849A895-FDE8-4813-BA18-23B3FC78B02E}
		{2D9843AE-5782-4D6A-8B1C-838223F552C7} = {8B31B02A-0948-4373-88E4-9B3BC7020815}
		{868CEDC2-8FBE-428C-8B3E-362383B32545} = {B75488FC-17CD-4BDC-A3E9-FF704753FDB1}
		{3E686CBC-0927-4833-B719-2E78456BFD67} = {B75488FC-17CD-4BDC-A3E9-FF704753FDB1}
		{A51062D8-77A8-4029-8CA4-9D0495383E71} = {B75488FC-17CD-4BDC-A3E9-FF704753FDB1}
		{C480E77B-3A4B-47A6-BC5C-50A387378F36} = {8B31B02A-0948-4373-88E4-9B3BC7020815}
	EndGlobalSection
	GlobalSection(ExtensibilityGlobals) = postSolution
		SolutionGuid = {0A1F748D-0D6C-4137-A0FD-D515ECD092EE}
	EndGlobalSection
EndGlobal
